
Microsoft Visual Studio Solution File, Format Version 12.00
# Visual Studio Version 17
VisualStudioVersion = 17.9.34714.143
MinimumVisualStudioVersion = 10.0.40219.1
Project("{FAE04EC0-301F-11D3-BF4B-00C04F79EFBC}") = "Domain", "Domain\Domain.csproj", "{FDC5036F-18AA-4BB5-86BA-B82D00768086}"
EndProject
Project("{FAE04EC0-301F-11D3-BF4B-00C04F79EFBC}") = "Application", "Application\Application.csproj", "{BA5B003A-1B15-4092-9DB5-B6C70908C373}"
EndProject
Project("{FAE04EC0-301F-11D3-BF4B-00C04F79EFBC}") = "Infrastructure", "Infrastructure\Infrastructure.csproj", "{51C46B8D-CCA8-4EAB-87C6-381CB87874F6}"
EndProject
Project("{FAE04EC0-301F-11D3-BF4B-00C04F79EFBC}") = "WebApi", "WebApi\WebApi.csproj", "{27EB4F04-A2D8-4251-858A-1FA51061C7FE}"
EndProject
Project("{FAE04EC0-301F-11D3-BF4B-00C04F79EFBC}") = "Worker", "Worker\Worker.csproj", "{ED4CF64E-0343-49ED-B0AC-E6F020B3A468}"
EndProject
Project("{FAE04EC0-301F-11D3-BF4B-00C04F79EFBC}") = "Test", "Test\Test.csproj", "{EE0461EF-6EB3-41C1-B392-ED814DF9E8F2}"
EndProject
Global
	GlobalSection(SolutionConfigurationPlatforms) = preSolution
		Debug|Any CPU = Debug|Any CPU
		Release|Any CPU = Release|Any CPU
	EndGlobalSection
	GlobalSection(ProjectConfigurationPlatforms) = postSolution
		{FDC5036F-18AA-4BB5-86BA-B82D00768086}.Debug|Any CPU.ActiveCfg = Debug|Any CPU
		{FDC5036F-18AA-4BB5-86BA-B82D00768086}.Debug|Any CPU.Build.0 = Debug|Any CPU
		{FDC5036F-18AA-4BB5-86BA-B82D00768086}.Release|Any CPU.ActiveCfg = Release|Any CPU
		{FDC5036F-18AA-4BB5-86BA-B82D00768086}.Release|Any CPU.Build.0 = Release|Any CPU
		{BA5B003A-1B15-4092-9DB5-B6C70908C373}.Debug|Any CPU.ActiveCfg = Debug|Any CPU
		{BA5B003A-1B15-4092-9DB5-B6C70908C373}.Debug|Any CPU.Build.0 = Debug|Any CPU
		{BA5B003A-1B15-4092-9DB5-B6C70908C373}.Release|Any CPU.ActiveCfg = Release|Any CPU
		{BA5B003A-1B15-4092-9DB5-B6C70908C373}.Release|Any CPU.Build.0 = Release|Any CPU
		{51C46B8D-CCA8-4EAB-87C6-381CB87874F6}.Debug|Any CPU.ActiveCfg = Debug|Any CPU
		{51C46B8D-CCA8-4EAB-87C6-381CB87874F6}.Debug|Any CPU.Build.0 = Debug|Any CPU
		{51C46B8D-CCA8-4EAB-87C6-381CB87874F6}.Release|Any CPU.ActiveCfg = Release|Any CPU
		{51C46B8D-CCA8-4EAB-87C6-381CB87874F6}.Release|Any CPU.Build.0 = Release|Any CPU
		{27EB4F04-A2D8-4251-858A-1FA51061C7FE}.Debug|Any CPU.ActiveCfg = Debug|Any CPU
		{27EB4F04-A2D8-4251-858A-1FA51061C7FE}.Debug|Any CPU.Build.0 = Debug|Any CPU
		{27EB4F04-A2D8-4251-858A-1FA51061C7FE}.Release|Any CPU.ActiveCfg = Release|Any CPU
		{27EB4F04-A2D8-4251-858A-1FA51061C7FE}.Release|Any CPU.Build.0 = Release|Any CPU
		{ED4CF64E-0343-49ED-B0AC-E6F020B3A468}.Debug|Any CPU.ActiveCfg = Debug|Any CPU
		{ED4CF64E-0343-49ED-B0AC-E6F020B3A468}.Debug|Any CPU.Build.0 = Debug|Any CPU
		{ED4CF64E-0343-49ED-B0AC-E6F020B3A468}.Release|Any CPU.ActiveCfg = Release|Any CPU
		{ED4CF64E-0343-49ED-B0AC-E6F020B3A468}.Release|Any CPU.Build.0 = Release|Any CPU
		{EE0461EF-6EB3-41C1-B392-ED814DF9E8F2}.Debug|Any CPU.ActiveCfg = Debug|Any CPU
		{EE0461EF-6EB3-41C1-B392-ED814DF9E8F2}.Debug|Any CPU.Build.0 = Debug|Any CPU
		{EE0461EF-6EB3-41C1-B392-ED814DF9E8F2}.Release|Any CPU.ActiveCfg = Release|Any CPU
		{EE0461EF-6EB3-41C1-B392-ED814DF9E8F2}.Release|Any CPU.Build.0 = Release|Any CPU
	EndGlobalSection
	GlobalSection(SolutionProperties) = preSolution
		HideSolutionNode = FALSE
	EndGlobalSection
	GlobalSection(ExtensibilityGlobals) = postSolution
		SolutionGuid = {76A1D9F3-9C68-4A5C-89B2-8D3CC448CE54}
	EndGlobalSection
EndGlobal
